<Project xmlns="http://schemas.microsoft.com/developer/msbuild/2003">
    <PropertyGroup>
        <ProjectGuid>{F9F34AF8-FD80-4E27-ADA8-9971986D22A5}</ProjectGuid>
        <MainSource>xnGridDesign.dpk</MainSource>
        <ProjectVersion>15.4</ProjectVersion>
        <FrameworkType>None</FrameworkType>
        <Base>True</Base>
        <Config Condition="'$(Config)'==''">Debug</Config>
        <Platform Condition="'$(Platform)'==''">Win32</Platform>
        <TargetedPlatforms>1</TargetedPlatforms>
        <AppType>Package</AppType>
    </PropertyGroup>
    <PropertyGroup Condition="'$(Config)'=='Base' or '$(Base)'!=''">
        <Base>true</Base>
    </PropertyGroup>
    <PropertyGroup Condition="('$(Platform)'=='Android' and '$(Base)'=='true') or '$(Base_Android)'!=''">
        <Base_Android>true</Base_Android>
        <CfgParent>Base</CfgParent>
        <Base>true</Base>
    </PropertyGroup>
    <PropertyGroup Condition="('$(Platform)'=='iOSDevice' and '$(Base)'=='true') or '$(Base_iOSDevice)'!=''">
        <Base_iOSDevice>true</Base_iOSDevice>
        <CfgParent>Base</CfgParent>
        <Base>true</Base>
    </PropertyGroup>
    <PropertyGroup Condition="('$(Platform)'=='iOSSimulator' and '$(Base)'=='true') or '$(Base_iOSSimulator)'!=''">
        <Base_iOSSimulator>true</Base_iOSSimulator>
        <CfgParent>Base</CfgParent>
        <Base>true</Base>
    </PropertyGroup>
    <PropertyGroup Condition="('$(Platform)'=='Win32' and '$(Base)'=='true') or '$(Base_Win32)'!=''">
        <Base_Win32>true</Base_Win32>
        <CfgParent>Base</CfgParent>
        <Base>true</Base>
    </PropertyGroup>
    <PropertyGroup Condition="('$(Platform)'=='Win64' and '$(Base)'=='true') or '$(Base_Win64)'!=''">
        <Base_Win64>true</Base_Win64>
        <CfgParent>Base</CfgParent>
        <Base>true</Base>
    </PropertyGroup>
    <PropertyGroup Condition="'$(Config)'=='Debug' or '$(Cfg_1)'!=''">
        <Cfg_1>true</Cfg_1>
        <CfgParent>Base</CfgParent>
        <Base>true</Base>
    </PropertyGroup>
    <PropertyGroup Condition="('$(Platform)'=='Win32' and '$(Cfg_1)'=='true') or '$(Cfg_1_Win32)'!=''">
        <Cfg_1_Win32>true</Cfg_1_Win32>
        <CfgParent>Cfg_1</CfgParent>
        <Cfg_1>true</Cfg_1>
        <Base>true</Base>
    </PropertyGroup>
    <PropertyGroup Condition="'$(Config)'=='Release' or '$(Cfg_2)'!=''">
        <Cfg_2>true</Cfg_2>
        <CfgParent>Base</CfgParent>
        <Base>true</Base>
    </PropertyGroup>
    <PropertyGroup Condition="('$(Platform)'=='Android' and '$(Cfg_2)'=='true') or '$(Cfg_2_Android)'!=''">
        <Cfg_2_Android>true</Cfg_2_Android>
        <CfgParent>Cfg_2</CfgParent>
        <Cfg_2>true</Cfg_2>
        <Base>true</Base>
    </PropertyGroup>
    <PropertyGroup Condition="('$(Platform)'=='iOSDevice' and '$(Cfg_2)'=='true') or '$(Cfg_2_iOSDevice)'!=''">
        <Cfg_2_iOSDevice>true</Cfg_2_iOSDevice>
        <CfgParent>Cfg_2</CfgParent>
        <Cfg_2>true</Cfg_2>
        <Base>true</Base>
    </PropertyGroup>
    <PropertyGroup Condition="('$(Platform)'=='iOSSimulator' and '$(Cfg_2)'=='true') or '$(Cfg_2_iOSSimulator)'!=''">
        <Cfg_2_iOSSimulator>true</Cfg_2_iOSSimulator>
        <CfgParent>Cfg_2</CfgParent>
        <Cfg_2>true</Cfg_2>
        <Base>true</Base>
    </PropertyGroup>
    <PropertyGroup Condition="('$(Platform)'=='Win32' and '$(Cfg_2)'=='true') or '$(Cfg_2_Win32)'!=''">
        <Cfg_2_Win32>true</Cfg_2_Win32>
        <CfgParent>Cfg_2</CfgParent>
        <Cfg_2>true</Cfg_2>
        <Base>true</Base>
    </PropertyGroup>
    <PropertyGroup Condition="('$(Platform)'=='Win64' and '$(Cfg_2)'=='true') or '$(Cfg_2_Win64)'!=''">
        <Cfg_2_Win64>true</Cfg_2_Win64>
        <CfgParent>Cfg_2</CfgParent>
        <Cfg_2>true</Cfg_2>
        <Base>true</Base>
    </PropertyGroup>
    <PropertyGroup Condition="'$(Base)'!=''">
        <DCC_CBuilderOutput>All</DCC_CBuilderOutput>
        <GenPackage>true</GenPackage>
        <DCC_Namespace>System;Xml;Data;Datasnap;Web;Soap;$(DCC_Namespace)</DCC_Namespace>
        <GenDll>true</GenDll>
        <SanitizedProjectName>xnGridDesign</SanitizedProjectName>
        <DCC_ExeOutput>.\$(Platform)\$(Config)</DCC_ExeOutput>
        <DCC_E>false</DCC_E>
        <DCC_N>false</DCC_N>
        <DCC_S>false</DCC_S>
        <DCC_F>false</DCC_F>
        <DCC_K>false</DCC_K>
    </PropertyGroup>
    <PropertyGroup Condition="'$(Base_Android)'!=''">
        <DCC_UsePackage>rtl;$(DCC_UsePackage)</DCC_UsePackage>
        <DCC_DcuOutput>Android</DCC_DcuOutput>
        <DCC_CBuilderOutput>None</DCC_CBuilderOutput>
        <DCC_DcpOutput>C:\Users\Public\Documents\Embarcadero\Studio\14.0\Dcp\</DCC_DcpOutput>
        <DCC_BplOutput>C:\Users\Public\Documents\Embarcadero\Studio\14.0\Bpl\</DCC_BplOutput>
    </PropertyGroup>
    <PropertyGroup Condition="'$(Base_iOSDevice)'!=''">
        <DCC_UsePackage>rtl;$(DCC_UsePackage)</DCC_UsePackage>
        <DCC_DcuOutput>iOSDevice</DCC_DcuOutput>
        <DCC_CBuilderOutput>None</DCC_CBuilderOutput>
        <DCC_DcpOutput>C:\Users\Public\Documents\Embarcadero\Studio\14.0\Dcp\</DCC_DcpOutput>
        <DCC_BplOutput>C:\Users\Public\Documents\Embarcadero\Studio\14.0\Bpl\</DCC_BplOutput>
    </PropertyGroup>
    <PropertyGroup Condition="'$(Base_iOSSimulator)'!=''">
        <DCC_UsePackage>rtl;$(DCC_UsePackage)</DCC_UsePackage>
        <DCC_DcuOutput>iOSSimulator</DCC_DcuOutput>
        <DCC_CBuilderOutput>None</DCC_CBuilderOutput>
        <DCC_DcpOutput>C:\Users\Public\Documents\Embarcadero\Studio\14.0\Dcp\</DCC_DcpOutput>
        <DCC_BplOutput>C:\Users\Public\Documents\Embarcadero\Studio\14.0\Bpl\</DCC_BplOutput>
    </PropertyGroup>
    <PropertyGroup Condition="'$(Base_Win32)'!=''">
        <DCC_UsePackage>rtl;xnGrid;$(DCC_UsePackage)</DCC_UsePackage>
        <VerInfo_Keys>CompanyName=;FileDescription=;FileVersion=1.0.0.0;InternalName=;LegalCopyright=;LegalTrademarks=;OriginalFilename=;ProductName=;ProductVersion=1.0.0.0;Comments=</VerInfo_Keys>
        <DCC_Namespace>Winapi;System.Win;Data.Win;Datasnap.Win;Web.Win;Soap.Win;Xml.Win;Bde;$(DCC_Namespace)</DCC_Namespace>
        <VerInfo_Locale>1033</VerInfo_Locale>
        <VerInfo_IncludeVerInfo>true</VerInfo_IncludeVerInfo>
        <DCC_DcpOutput>C:\Users\Public\Documents\Embarcadero\Studio\14.0\Dcp\</DCC_DcpOutput>
        <DCC_BplOutput>C:\Users\Public\Documents\Embarcadero\Studio\14.0\Bpl\</DCC_BplOutput>
        <DCC_DcuOutput>Win32</DCC_DcuOutput>
    </PropertyGroup>
    <PropertyGroup Condition="'$(Base_Win64)'!=''">
        <DCC_UsePackage>rtl;$(DCC_UsePackage)</DCC_UsePackage>
        <DCC_DcuOutput>Win64</DCC_DcuOutput>
        <DCC_BplOutput>C:\Users\Public\Documents\Embarcadero\Studio\14.0\Bpl\Win64\</DCC_BplOutput>
        <DCC_DcpOutput>C:\Users\Public\Documents\Embarcadero\Studio\14.0\Dcp\Win64\</DCC_DcpOutput>
    </PropertyGroup>
    <PropertyGroup Condition="'$(Cfg_1)'!=''">
        <DCC_Define>DEBUG;$(DCC_Define)</DCC_Define>
        <DCC_DebugDCUs>true</DCC_DebugDCUs>
        <DCC_Optimize>false</DCC_Optimize>
        <DCC_GenerateStackFrames>true</DCC_GenerateStackFrames>
        <DCC_DebugInfoInExe>true</DCC_DebugInfoInExe>
        <DCC_RemoteDebug>true</DCC_RemoteDebug>
    </PropertyGroup>
    <PropertyGroup Condition="'$(Cfg_1_Win32)'!=''">
        <DCC_RemoteDebug>false</DCC_RemoteDebug>
    </PropertyGroup>
    <PropertyGroup Condition="'$(Cfg_2)'!=''">
        <DCC_LocalDebugSymbols>false</DCC_LocalDebugSymbols>
        <DCC_Define>RELEASE;$(DCC_Define)</DCC_Define>
        <DCC_SymbolReferenceInfo>0</DCC_SymbolReferenceInfo>
        <DCC_DebugInformation>0</DCC_DebugInformation>
    </PropertyGroup>
    <PropertyGroup Condition="'$(Cfg_2_Android)'!=''">
        <DCC_DcuOutput>Android</DCC_DcuOutput>
        <DCC_BplOutput>C:\Users\Public\Documents\Embarcadero\Studio\14.0\Bpl\</DCC_BplOutput>
        <DCC_DcpOutput>C:\Users\Public\Documents\Embarcadero\Studio\14.0\Dcp\</DCC_DcpOutput>
    </PropertyGroup>
    <PropertyGroup Condition="'$(Cfg_2_iOSDevice)'!=''">
        <DCC_DcuOutput>iOSDevice</DCC_DcuOutput>
        <DCC_BplOutput>C:\Users\Public\Documents\Embarcadero\Studio\14.0\Bpl\</DCC_BplOutput>
        <DCC_DcpOutput>C:\Users\Public\Documents\Embarcadero\Studio\14.0\Dcp\</DCC_DcpOutput>
    </PropertyGroup>
    <PropertyGroup Condition="'$(Cfg_2_iOSSimulator)'!=''">
        <DCC_DcuOutput>iOSSimulator</DCC_DcuOutput>
        <DCC_BplOutput>C:\Users\Public\Documents\Embarcadero\Studio\14.0\Bpl\</DCC_BplOutput>
        <DCC_DcpOutput>C:\Users\Public\Documents\Embarcadero\Studio\14.0\Dcp\</DCC_DcpOutput>
    </PropertyGroup>
    <PropertyGroup Condition="'$(Cfg_2_Win32)'!=''">
        <DCC_DcuOutput>Win32</DCC_DcuOutput>
        <DCC_BplOutput>C:\Users\Public\Documents\Embarcadero\Studio\14.0\Bpl\</DCC_BplOutput>
        <DCC_DcpOutput>C:\Users\Public\Documents\Embarcadero\Studio\14.0\Dcp\</DCC_DcpOutput>
    </PropertyGroup>
    <PropertyGroup Condition="'$(Cfg_2_Win64)'!=''">
        <DCC_DcuOutput>Win64</DCC_DcuOutput>
        <DCC_BplOutput>C:\Users\Public\Documents\Embarcadero\Studio\14.0\Bpl\Win64\</DCC_BplOutput>
        <DCC_DcpOutput>C:\Users\Public\Documents\Embarcadero\Studio\14.0\Dcp\Win64\</DCC_DcpOutput>
    </PropertyGroup>
    <ItemGroup>
        <DelphiCompile Include="$(MainSource)">
            <MainSource>MainSource</MainSource>
        </DelphiCompile>
        <DCCReference Include="..\delphi-xn-grid.dcr"/>
        <DCCReference Include="designide.dcp"/>
        <DCCReference Include="rtl.dcp"/>
        <DCCReference Include="xnGrid.dcp"/>
        <DCCReference Include="xn.grid.register.pas"/>
        <BuildConfiguration Include="Release">
            <Key>Cfg_2</Key>
            <CfgParent>Base</CfgParent>
        </BuildConfiguration>
        <BuildConfiguration Include="Base">
            <Key>Base</Key>
        </BuildConfiguration>
        <BuildConfiguration Include="Debug">
            <Key>Cfg_1</Key>
            <CfgParent>Base</CfgParent>
        </BuildConfiguration>
    </ItemGroup>
    <ProjectExtensions>
        <Borland.Personality>Delphi.Personality.12</Borland.Personality>
        <Borland.ProjectType>Package</Borland.ProjectType>
        <BorlandProject>
            <Delphi.Personality>
                <Source>
                    <Source Name="MainSource">xnGridDesign.dpk</Source>
                </Source>
            </Delphi.Personality>
            <Deployment/>
            <Platforms>
                <Platform value="Android">False</Platform>
                <Platform value="iOSDevice">False</Platform>
                <Platform value="iOSSimulator">False</Platform>
                <Platform value="Win32">True</Platform>
                <Platform value="Win64">False</Platform>
            </Platforms>
        </BorlandProject>
        <ProjectFileVersion>12</ProjectFileVersion>
    </ProjectExtensions>
    <Import Project="$(BDS)\Bin\CodeGear.Delphi.Targets" Condition="Exists('$(BDS)\Bin\CodeGear.Delphi.Targets')"/>
    <Import Project="$(APPDATA)\Embarcadero\$(BDSAPPDATABASEDIR)\$(PRODUCTVERSION)\UserTools.proj" Condition="Exists('$(APPDATA)\Embarcadero\$(BDSAPPDATABASEDIR)\$(PRODUCTVERSION)\UserTools.proj')"/>
</Project>
